{
    "_meta": {
        "hash": {
            "sha256": "e5fba4ff8a2e042163b9aa4c7ff59333f1b4030c9f2bcfe03886f03c827d930a"
        },
        "pipfile-spec": 6,
        "requires": {
            "python_version": "3.7"
        },
        "sources": [
            {
                "name": "pypi",
                "url": "https://pypi.org/simple",
                "verify_ssl": true
            }
        ]
    },
    "default": {},
    "develop": {
        "docutils": {
            "hashes": [
                "sha256:23010f129180089fbcd3bc08cfefccb3b890b0050e1ca00c867036e9d161b98c",
                "sha256:679987caf361a7539d76e584cbeddc311e3aee937877c87346f31debc63e9d06"
            ],
            "index": "pypi",
            "version": "==0.18.1"
        },
        "setuptools": {
            "hashes": [
                "sha256:c99207037c38984eae838c2fd986f39a9ddf4fabfe0fddd957e622d1d1dcdd05",
                "sha256:eb83b1012ae6bf436901c2a2cee35d45b7260f31fd4b65fd1e50a9f99c11d7f8"
            ],
            "index": "pypi",
            "version": "==60.6.0"
        },
        "wheel": {
            "hashes": [
                "sha256:4bdcd7d840138086126cd09254dc6195fb4fc6f01c050a1d7236f2630db1d22a",
                "sha256:e9a504e793efbca1b8e0e9cb979a249cf4a0a7b5b8c9e8b65a5e39d49529c1c4"
            ],
            "index": "pypi",
            "version": "==0.37.1"
        }
    }
}
